// !$*UTF8*$!
{
	archiveVersion = 1;
	classes = {
	};
	objectVersion = 55;
	objects = {

/* Begin PBXBuildFile section */
		3F05A821299EBC7F00CBD42D /* FoodItem.swift in Sources */ = {isa = PBXBuildFile; fileRef = 3F05A820299EBC7F00CBD42D /* FoodItem.swift */; };
		3F05A825299EC75C00CBD42D /* DiaryService.swift in Sources */ = {isa = PBXBuildFile; fileRef = 3F05A824299EC75C00CBD42D /* DiaryService.swift */; };
		3F05A829299EC7D900CBD42D /* DateExtension.swift in Sources */ = {isa = PBXBuildFile; fileRef = 3F05A828299EC7D900CBD42D /* DateExtension.swift */; };
		3F2AAAD6299AC60A00BFEEB3 /* CalorieProgressView.swift in Sources */ = {isa = PBXBuildFile; fileRef = 3F2AAAD5299AC60A00BFEEB3 /* CalorieProgressView.swift */; };
		3F436A6929A54D36005DE94D /* SelectableCalendarView in Frameworks */ = {isa = PBXBuildFile; productRef = 3F436A6829A54D36005DE94D /* SelectableCalendarView */; };
		3F436A6C29A55856005DE94D /* AddFriendForm.swift in Sources */ = {isa = PBXBuildFile; fileRef = 3F436A6B29A55856005DE94D /* AddFriendForm.swift */; };
		3F436A6E29A55B14005DE94D /* FriendCalendarView.swift in Sources */ = {isa = PBXBuildFile; fileRef = 3F436A6D29A55B14005DE94D /* FriendCalendarView.swift */; };
		3F436A7029A563BD005DE94D /* CalendarInfoSheet.swift in Sources */ = {isa = PBXBuildFile; fileRef = 3F436A6F29A563BD005DE94D /* CalendarInfoSheet.swift */; };
		3F510850295C86790069F560 /* JimBuddyApp.swift in Sources */ = {isa = PBXBuildFile; fileRef = 3F51084F295C86790069F560 /* JimBuddyApp.swift */; };
		3F510854295C867B0069F560 /* Assets.xcassets in Resources */ = {isa = PBXBuildFile; fileRef = 3F510853295C867B0069F560 /* Assets.xcassets */; };
		3F510857295C867B0069F560 /* Preview Assets.xcassets in Resources */ = {isa = PBXBuildFile; fileRef = 3F510856295C867B0069F560 /* Preview Assets.xcassets */; };
		3F510861295C867B0069F560 /* JimBuddyTests.swift in Sources */ = {isa = PBXBuildFile; fileRef = 3F510860295C867B0069F560 /* JimBuddyTests.swift */; };
		3F51086B295C867B0069F560 /* JimBuddyUITests.swift in Sources */ = {isa = PBXBuildFile; fileRef = 3F51086A295C867B0069F560 /* JimBuddyUITests.swift */; };
		3F51086D295C867B0069F560 /* JimBuddyUITestsLaunchTests.swift in Sources */ = {isa = PBXBuildFile; fileRef = 3F51086C295C867B0069F560 /* JimBuddyUITestsLaunchTests.swift */; };
		3F722C2129A109DB00EE6E22 /* ConsumptionTime.swift in Sources */ = {isa = PBXBuildFile; fileRef = 3F722C2029A109DB00EE6E22 /* ConsumptionTime.swift */; };
		3F722C2329A10A2E00EE6E22 /* MeasuringUnits.swift in Sources */ = {isa = PBXBuildFile; fileRef = 3F722C2229A10A2E00EE6E22 /* MeasuringUnits.swift */; };
		3F722C2629A10B7100EE6E22 /* FirebaseErrors.swift in Sources */ = {isa = PBXBuildFile; fileRef = 3F722C2529A10B7100EE6E22 /* FirebaseErrors.swift */; };
		3F722C2929A118F200EE6E22 /* FoodItemViewModel.swift in Sources */ = {isa = PBXBuildFile; fileRef = 3F722C2829A118F200EE6E22 /* FoodItemViewModel.swift */; };
		3F722C2B29A129D300EE6E22 /* AddFoodView.swift in Sources */ = {isa = PBXBuildFile; fileRef = 3F722C2A29A129D300EE6E22 /* AddFoodView.swift */; };
		3F722C3629A146E900EE6E22 /* HealthKitService.swift in Sources */ = {isa = PBXBuildFile; fileRef = 3F722C3529A146E900EE6E22 /* HealthKitService.swift */; };
		3F722C3D29A2183D00EE6E22 /* ProfileStatView.swift in Sources */ = {isa = PBXBuildFile; fileRef = 3F722C3C29A2183D00EE6E22 /* ProfileStatView.swift */; };
		3F722C3F29A222C700EE6E22 /* ProfileDetailsView.swift in Sources */ = {isa = PBXBuildFile; fileRef = 3F722C3E29A222C700EE6E22 /* ProfileDetailsView.swift */; };
		3F722C4129A24CD600EE6E22 /* StatType.swift in Sources */ = {isa = PBXBuildFile; fileRef = 3F722C4029A24CD600EE6E22 /* StatType.swift */; };
		3F722C4429A2576D00EE6E22 /* GravatarInfoSheet.swift in Sources */ = {isa = PBXBuildFile; fileRef = 3F722C4329A2576D00EE6E22 /* GravatarInfoSheet.swift */; };
		3F722C4729A28EC100EE6E22 /* PersonalDataService.swift in Sources */ = {isa = PBXBuildFile; fileRef = 3F722C4629A28EC100EE6E22 /* PersonalDataService.swift */; };
		3F722C4A29A2A7F300EE6E22 /* PersonalDataViewModel.swift in Sources */ = {isa = PBXBuildFile; fileRef = 3F722C4929A2A7F300EE6E22 /* PersonalDataViewModel.swift */; };
		3F722C4C29A2A8CA00EE6E22 /* Gender.swift in Sources */ = {isa = PBXBuildFile; fileRef = 3F722C4B29A2A8CA00EE6E22 /* Gender.swift */; };
		3F722C4E29A2B52000EE6E22 /* GravatarImageService.swift in Sources */ = {isa = PBXBuildFile; fileRef = 3F722C4D29A2B52000EE6E22 /* GravatarImageService.swift */; };
		3F722C5129A2B65E00EE6E22 /* StringExtension.swift in Sources */ = {isa = PBXBuildFile; fileRef = 3F722C5029A2B65E00EE6E22 /* StringExtension.swift */; };
		3F722C5329A2B69800EE6E22 /* APIError.swift in Sources */ = {isa = PBXBuildFile; fileRef = 3F722C5229A2B69800EE6E22 /* APIError.swift */; };
		3FA8E46129916F0E00423551 /* Colors.swift in Sources */ = {isa = PBXBuildFile; fileRef = 3FA8E46029916F0E00423551 /* Colors.swift */; };
		3FD7D33A29B14B8A00D237E8 /* EditProfileView.swift in Sources */ = {isa = PBXBuildFile; fileRef = 3FD7D33929B14B8A00D237E8 /* EditProfileView.swift */; };
		3FD7D33C29B157B800D237E8 /* Goal.swift in Sources */ = {isa = PBXBuildFile; fileRef = 3FD7D33B29B157B800D237E8 /* Goal.swift */; };
		3FEEA8D12999691300A355F9 /* FoodEntryView.swift in Sources */ = {isa = PBXBuildFile; fileRef = 3FEEA8D02999691300A355F9 /* FoodEntryView.swift */; };
		F303A12C2971B744002E4B0C /* ColorHexExtenstion.swift in Sources */ = {isa = PBXBuildFile; fileRef = F303A12B2971B744002E4B0C /* ColorHexExtenstion.swift */; };
		F303A1302971BECA002E4B0C /* RegisterView.swift in Sources */ = {isa = PBXBuildFile; fileRef = F303A12F2971BECA002E4B0C /* RegisterView.swift */; };
		F303A1342971D4F6002E4B0C /* LoginModel.swift in Sources */ = {isa = PBXBuildFile; fileRef = F303A1332971D4F5002E4B0C /* LoginModel.swift */; };
		F303A1382972B438002E4B0C /* CloseModifier.swift in Sources */ = {isa = PBXBuildFile; fileRef = F303A1372972B438002E4B0C /* CloseModifier.swift */; };
		F303A13C2972B898002E4B0C /* HomePageView.swift in Sources */ = {isa = PBXBuildFile; fileRef = F303A13B2972B898002E4B0C /* HomePageView.swift */; };
		F303A13F2972B992002E4B0C /* RegistrationDetails.swift in Sources */ = {isa = PBXBuildFile; fileRef = F303A13E2972B992002E4B0C /* RegistrationDetails.swift */; };
		F303A1422972BAA0002E4B0C /* RegistrationService.swift in Sources */ = {isa = PBXBuildFile; fileRef = F303A1412972BAA0002E4B0C /* RegistrationService.swift */; };
		F303A14429743F75002E4B0C /* FirebaseDatabase in Frameworks */ = {isa = PBXBuildFile; productRef = F303A14329743F75002E4B0C /* FirebaseDatabase */; };
		F303A1472974478E002E4B0C /* RegistrationViewModel.swift in Sources */ = {isa = PBXBuildFile; fileRef = F303A1462974478E002E4B0C /* RegistrationViewModel.swift */; };
		F303A14B29744E0B002E4B0C /* SessionUserDetails.swift in Sources */ = {isa = PBXBuildFile; fileRef = F303A14A29744E0B002E4B0C /* SessionUserDetails.swift */; };
		F303A14E29744FF8002E4B0C /* SessionService.swift in Sources */ = {isa = PBXBuildFile; fileRef = F303A14D29744FF8002E4B0C /* SessionService.swift */; };
		F327484C296B6C3F00D197CB /* FirebaseAuth in Frameworks */ = {isa = PBXBuildFile; productRef = F327484B296B6C3F00D197CB /* FirebaseAuth */; };
		F327484E296B6C3F00D197CB /* FirebaseAuthCombine-Community in Frameworks */ = {isa = PBXBuildFile; productRef = F327484D296B6C3F00D197CB /* FirebaseAuthCombine-Community */; };
		F3274850296B6C3F00D197CB /* FirebaseFirestore in Frameworks */ = {isa = PBXBuildFile; productRef = F327484F296B6C3F00D197CB /* FirebaseFirestore */; };
		F3274852296B6C3F00D197CB /* FirebaseFirestoreCombine-Community in Frameworks */ = {isa = PBXBuildFile; productRef = F3274851296B6C3F00D197CB /* FirebaseFirestoreCombine-Community */; };
		F3274854296B6C3F00D197CB /* FirebaseFirestoreSwift in Frameworks */ = {isa = PBXBuildFile; productRef = F3274853296B6C3F00D197CB /* FirebaseFirestoreSwift */; };
		F3274856296B6F2200D197CB /* GoogleService-Info.plist in Resources */ = {isa = PBXBuildFile; fileRef = F3274855296B6F2200D197CB /* GoogleService-Info.plist */; };
		F3274859296B719F00D197CB /* FirebaseCrashlytics in Frameworks */ = {isa = PBXBuildFile; productRef = F3274858296B719F00D197CB /* FirebaseCrashlytics */; };
		F36E01E9296DB192000851EE /* LoginView.swift in Sources */ = {isa = PBXBuildFile; fileRef = F36E01E8296DB192000851EE /* LoginView.swift */; };
		F36E01ED296DB2DF000851EE /* InputTextFieldView.swift in Sources */ = {isa = PBXBuildFile; fileRef = F36E01EC296DB2DF000851EE /* InputTextFieldView.swift */; };
		F36E01EF296DBF77000851EE /* InputPasswordView.swift in Sources */ = {isa = PBXBuildFile; fileRef = F36E01EE296DBF77000851EE /* InputPasswordView.swift */; };
		F36E01F1296DC250000851EE /* ButtonView.swift in Sources */ = {isa = PBXBuildFile; fileRef = F36E01F0296DC250000851EE /* ButtonView.swift */; };
		F3A7F06529768AB20091FE2E /* LoginCredentials.swift in Sources */ = {isa = PBXBuildFile; fileRef = F3A7F06429768AB20091FE2E /* LoginCredentials.swift */; };
		F3A7F06829768AEB0091FE2E /* LoginService.swift in Sources */ = {isa = PBXBuildFile; fileRef = F3A7F06729768AEB0091FE2E /* LoginService.swift */; };
		F3A7F06B29768CDB0091FE2E /* LoginViewModel.swift in Sources */ = {isa = PBXBuildFile; fileRef = F3A7F06A29768CDB0091FE2E /* LoginViewModel.swift */; };
		F3A7F06F2977E9310091FE2E /* ProfileView.swift in Sources */ = {isa = PBXBuildFile; fileRef = F3A7F06E2977E9310091FE2E /* ProfileView.swift */; };
		F3A7F0732977E9A10091FE2E /* DiaryView.swift in Sources */ = {isa = PBXBuildFile; fileRef = F3A7F0722977E9A10091FE2E /* DiaryView.swift */; };
		F3A7F0772977EB0B0091FE2E /* CalendarView.swift in Sources */ = {isa = PBXBuildFile; fileRef = F3A7F0762977EB0B0091FE2E /* CalendarView.swift */; };
/* End PBXBuildFile section */

/* Begin PBXContainerItemProxy section */
		3F51085D295C867B0069F560 /* PBXContainerItemProxy */ = {
			isa = PBXContainerItemProxy;
			containerPortal = 3F510844295C86790069F560 /* Project object */;
			proxyType = 1;
			remoteGlobalIDString = 3F51084B295C86790069F560;
			remoteInfo = JimBuddy;
		};
		3F510867295C867B0069F560 /* PBXContainerItemProxy */ = {
			isa = PBXContainerItemProxy;
			containerPortal = 3F510844295C86790069F560 /* Project object */;
			proxyType = 1;
			remoteGlobalIDString = 3F51084B295C86790069F560;
			remoteInfo = JimBuddy;
		};
/* End PBXContainerItemProxy section */

/* Begin PBXFileReference section */
		3F05A820299EBC7F00CBD42D /* FoodItem.swift */ = {isa = PBXFileReference; lastKnownFileType = sourcecode.swift; path = FoodItem.swift; sourceTree = "<group>"; };
		3F05A824299EC75C00CBD42D /* DiaryService.swift */ = {isa = PBXFileReference; lastKnownFileType = sourcecode.swift; path = DiaryService.swift; sourceTree = "<group>"; };
		3F05A828299EC7D900CBD42D /* DateExtension.swift */ = {isa = PBXFileReference; lastKnownFileType = sourcecode.swift; path = DateExtension.swift; sourceTree = "<group>"; };
		3F2AAAD5299AC60A00BFEEB3 /* CalorieProgressView.swift */ = {isa = PBXFileReference; lastKnownFileType = sourcecode.swift; path = CalorieProgressView.swift; sourceTree = "<group>"; };
		3F436A6A29A55238005DE94D /* Selectable-Calendar-View */ = {isa = PBXFileReference; lastKnownFileType = wrapper; name = "Selectable-Calendar-View"; path = "../../Selectable-Calendar-View"; sourceTree = "<group>"; };
		3F436A6B29A55856005DE94D /* AddFriendForm.swift */ = {isa = PBXFileReference; lastKnownFileType = sourcecode.swift; path = AddFriendForm.swift; sourceTree = "<group>"; };
		3F436A6D29A55B14005DE94D /* FriendCalendarView.swift */ = {isa = PBXFileReference; lastKnownFileType = sourcecode.swift; path = FriendCalendarView.swift; sourceTree = "<group>"; };
		3F436A6F29A563BD005DE94D /* CalendarInfoSheet.swift */ = {isa = PBXFileReference; lastKnownFileType = sourcecode.swift; path = CalendarInfoSheet.swift; sourceTree = "<group>"; };
		3F51084C295C86790069F560 /* JimBuddy.app */ = {isa = PBXFileReference; explicitFileType = wrapper.application; includeInIndex = 0; path = JimBuddy.app; sourceTree = BUILT_PRODUCTS_DIR; };
		3F51084F295C86790069F560 /* JimBuddyApp.swift */ = {isa = PBXFileReference; lastKnownFileType = sourcecode.swift; path = JimBuddyApp.swift; sourceTree = "<group>"; };
		3F510853295C867B0069F560 /* Assets.xcassets */ = {isa = PBXFileReference; lastKnownFileType = folder.assetcatalog; path = Assets.xcassets; sourceTree = "<group>"; };
		3F510856295C867B0069F560 /* Preview Assets.xcassets */ = {isa = PBXFileReference; lastKnownFileType = folder.assetcatalog; path = "Preview Assets.xcassets"; sourceTree = "<group>"; };
		3F51085C295C867B0069F560 /* JimBuddyTests.xctest */ = {isa = PBXFileReference; explicitFileType = wrapper.cfbundle; includeInIndex = 0; path = JimBuddyTests.xctest; sourceTree = BUILT_PRODUCTS_DIR; };
		3F510860295C867B0069F560 /* JimBuddyTests.swift */ = {isa = PBXFileReference; lastKnownFileType = sourcecode.swift; path = JimBuddyTests.swift; sourceTree = "<group>"; };
		3F510866295C867B0069F560 /* JimBuddyUITests.xctest */ = {isa = PBXFileReference; explicitFileType = wrapper.cfbundle; includeInIndex = 0; path = JimBuddyUITests.xctest; sourceTree = BUILT_PRODUCTS_DIR; };
		3F51086A295C867B0069F560 /* JimBuddyUITests.swift */ = {isa = PBXFileReference; lastKnownFileType = sourcecode.swift; path = JimBuddyUITests.swift; sourceTree = "<group>"; };
		3F51086C295C867B0069F560 /* JimBuddyUITestsLaunchTests.swift */ = {isa = PBXFileReference; lastKnownFileType = sourcecode.swift; path = JimBuddyUITestsLaunchTests.swift; sourceTree = "<group>"; };
		3F722C2029A109DB00EE6E22 /* ConsumptionTime.swift */ = {isa = PBXFileReference; lastKnownFileType = sourcecode.swift; path = ConsumptionTime.swift; sourceTree = "<group>"; };
		3F722C2229A10A2E00EE6E22 /* MeasuringUnits.swift */ = {isa = PBXFileReference; lastKnownFileType = sourcecode.swift; path = MeasuringUnits.swift; sourceTree = "<group>"; };
		3F722C2529A10B7100EE6E22 /* FirebaseErrors.swift */ = {isa = PBXFileReference; lastKnownFileType = sourcecode.swift; path = FirebaseErrors.swift; sourceTree = "<group>"; };
		3F722C2829A118F200EE6E22 /* FoodItemViewModel.swift */ = {isa = PBXFileReference; lastKnownFileType = sourcecode.swift; path = FoodItemViewModel.swift; sourceTree = "<group>"; };
		3F722C2A29A129D300EE6E22 /* AddFoodView.swift */ = {isa = PBXFileReference; lastKnownFileType = sourcecode.swift; path = AddFoodView.swift; sourceTree = "<group>"; };
		3F722C2C29A1432C00EE6E22 /* JimBuddy.entitlements */ = {isa = PBXFileReference; lastKnownFileType = text.plist.entitlements; path = JimBuddy.entitlements; sourceTree = "<group>"; };
		3F722C3529A146E900EE6E22 /* HealthKitService.swift */ = {isa = PBXFileReference; lastKnownFileType = sourcecode.swift; path = HealthKitService.swift; sourceTree = "<group>"; };
		3F722C3C29A2183D00EE6E22 /* ProfileStatView.swift */ = {isa = PBXFileReference; lastKnownFileType = sourcecode.swift; path = ProfileStatView.swift; sourceTree = "<group>"; };
		3F722C3E29A222C700EE6E22 /* ProfileDetailsView.swift */ = {isa = PBXFileReference; lastKnownFileType = sourcecode.swift; path = ProfileDetailsView.swift; sourceTree = "<group>"; };
		3F722C4029A24CD600EE6E22 /* StatType.swift */ = {isa = PBXFileReference; lastKnownFileType = sourcecode.swift; path = StatType.swift; sourceTree = "<group>"; };
		3F722C4329A2576D00EE6E22 /* GravatarInfoSheet.swift */ = {isa = PBXFileReference; lastKnownFileType = sourcecode.swift; path = GravatarInfoSheet.swift; sourceTree = "<group>"; };
		3F722C4629A28EC100EE6E22 /* PersonalDataService.swift */ = {isa = PBXFileReference; lastKnownFileType = sourcecode.swift; path = PersonalDataService.swift; sourceTree = "<group>"; };
		3F722C4929A2A7F300EE6E22 /* PersonalDataViewModel.swift */ = {isa = PBXFileReference; lastKnownFileType = sourcecode.swift; path = PersonalDataViewModel.swift; sourceTree = "<group>"; };
		3F722C4B29A2A8CA00EE6E22 /* Gender.swift */ = {isa = PBXFileReference; lastKnownFileType = sourcecode.swift; path = Gender.swift; sourceTree = "<group>"; };
		3F722C4D29A2B52000EE6E22 /* GravatarImageService.swift */ = {isa = PBXFileReference; lastKnownFileType = sourcecode.swift; path = GravatarImageService.swift; sourceTree = "<group>"; };
		3F722C5029A2B65E00EE6E22 /* StringExtension.swift */ = {isa = PBXFileReference; lastKnownFileType = sourcecode.swift; path = StringExtension.swift; sourceTree = "<group>"; };
		3F722C5229A2B69800EE6E22 /* APIError.swift */ = {isa = PBXFileReference; lastKnownFileType = sourcecode.swift; path = APIError.swift; sourceTree = "<group>"; };
		3FA8E46029916F0E00423551 /* Colors.swift */ = {isa = PBXFileReference; lastKnownFileType = sourcecode.swift; path = Colors.swift; sourceTree = "<group>"; };
		3FD7D33929B14B8A00D237E8 /* EditProfileView.swift */ = {isa = PBXFileReference; lastKnownFileType = sourcecode.swift; path = EditProfileView.swift; sourceTree = "<group>"; };
		3FD7D33B29B157B800D237E8 /* Goal.swift */ = {isa = PBXFileReference; lastKnownFileType = sourcecode.swift; path = Goal.swift; sourceTree = "<group>"; };
		3FEEA8D02999691300A355F9 /* FoodEntryView.swift */ = {isa = PBXFileReference; lastKnownFileType = sourcecode.swift; path = FoodEntryView.swift; sourceTree = "<group>"; };
		F303A12B2971B744002E4B0C /* ColorHexExtenstion.swift */ = {isa = PBXFileReference; lastKnownFileType = sourcecode.swift; path = ColorHexExtenstion.swift; sourceTree = "<group>"; };
		F303A12F2971BECA002E4B0C /* RegisterView.swift */ = {isa = PBXFileReference; lastKnownFileType = sourcecode.swift; path = RegisterView.swift; sourceTree = "<group>"; };
		F303A1332971D4F5002E4B0C /* LoginModel.swift */ = {isa = PBXFileReference; lastKnownFileType = sourcecode.swift; path = LoginModel.swift; sourceTree = "<group>"; };
		F303A1372972B438002E4B0C /* CloseModifier.swift */ = {isa = PBXFileReference; lastKnownFileType = sourcecode.swift; path = CloseModifier.swift; sourceTree = "<group>"; };
		F303A13B2972B898002E4B0C /* HomePageView.swift */ = {isa = PBXFileReference; lastKnownFileType = sourcecode.swift; path = HomePageView.swift; sourceTree = "<group>"; };
		F303A13E2972B992002E4B0C /* RegistrationDetails.swift */ = {isa = PBXFileReference; lastKnownFileType = sourcecode.swift; path = RegistrationDetails.swift; sourceTree = "<group>"; };
		F303A1412972BAA0002E4B0C /* RegistrationService.swift */ = {isa = PBXFileReference; lastKnownFileType = sourcecode.swift; path = RegistrationService.swift; sourceTree = "<group>"; };
		F303A1462974478E002E4B0C /* RegistrationViewModel.swift */ = {isa = PBXFileReference; lastKnownFileType = sourcecode.swift; path = RegistrationViewModel.swift; sourceTree = "<group>"; };
		F303A14A29744E0B002E4B0C /* SessionUserDetails.swift */ = {isa = PBXFileReference; lastKnownFileType = sourcecode.swift; path = SessionUserDetails.swift; sourceTree = "<group>"; };
		F303A14D29744FF8002E4B0C /* SessionService.swift */ = {isa = PBXFileReference; lastKnownFileType = sourcecode.swift; path = SessionService.swift; sourceTree = "<group>"; };
		F3274855296B6F2200D197CB /* GoogleService-Info.plist */ = {isa = PBXFileReference; fileEncoding = 4; lastKnownFileType = text.plist.xml; path = "GoogleService-Info.plist"; sourceTree = "<group>"; };
		F36E01E8296DB192000851EE /* LoginView.swift */ = {isa = PBXFileReference; lastKnownFileType = sourcecode.swift; path = LoginView.swift; sourceTree = "<group>"; };
		F36E01EC296DB2DF000851EE /* InputTextFieldView.swift */ = {isa = PBXFileReference; lastKnownFileType = sourcecode.swift; path = InputTextFieldView.swift; sourceTree = "<group>"; };
		F36E01EE296DBF77000851EE /* InputPasswordView.swift */ = {isa = PBXFileReference; lastKnownFileType = sourcecode.swift; path = InputPasswordView.swift; sourceTree = "<group>"; };
		F36E01F0296DC250000851EE /* ButtonView.swift */ = {isa = PBXFileReference; lastKnownFileType = sourcecode.swift; path = ButtonView.swift; sourceTree = "<group>"; };
		F3A7F06429768AB20091FE2E /* LoginCredentials.swift */ = {isa = PBXFileReference; lastKnownFileType = sourcecode.swift; path = LoginCredentials.swift; sourceTree = "<group>"; };
		F3A7F06729768AEB0091FE2E /* LoginService.swift */ = {isa = PBXFileReference; lastKnownFileType = sourcecode.swift; path = LoginService.swift; sourceTree = "<group>"; };
		F3A7F06A29768CDB0091FE2E /* LoginViewModel.swift */ = {isa = PBXFileReference; lastKnownFileType = sourcecode.swift; path = LoginViewModel.swift; sourceTree = "<group>"; };
		F3A7F06E2977E9310091FE2E /* ProfileView.swift */ = {isa = PBXFileReference; lastKnownFileType = sourcecode.swift; path = ProfileView.swift; sourceTree = "<group>"; };
		F3A7F0722977E9A10091FE2E /* DiaryView.swift */ = {isa = PBXFileReference; lastKnownFileType = sourcecode.swift; path = DiaryView.swift; sourceTree = "<group>"; };
		F3A7F0762977EB0B0091FE2E /* CalendarView.swift */ = {isa = PBXFileReference; lastKnownFileType = sourcecode.swift; path = CalendarView.swift; sourceTree = "<group>"; };
/* End PBXFileReference section */

/* Begin PBXFrameworksBuildPhase section */
		3F510849295C86790069F560 /* Frameworks */ = {
			isa = PBXFrameworksBuildPhase;
			buildActionMask = 2147483647;
			files = (
				F3274854296B6C3F00D197CB /* FirebaseFirestoreSwift in Frameworks */,
				F327484C296B6C3F00D197CB /* FirebaseAuth in Frameworks */,
				F3274852296B6C3F00D197CB /* FirebaseFirestoreCombine-Community in Frameworks */,
				F3274859296B719F00D197CB /* FirebaseCrashlytics in Frameworks */,
				F327484E296B6C3F00D197CB /* FirebaseAuthCombine-Community in Frameworks */,
				F303A14429743F75002E4B0C /* FirebaseDatabase in Frameworks */,
				F3274850296B6C3F00D197CB /* FirebaseFirestore in Frameworks */,
				3F436A6929A54D36005DE94D /* SelectableCalendarView in Frameworks */,
			);
			runOnlyForDeploymentPostprocessing = 0;
		};
		3F510859295C867B0069F560 /* Frameworks */ = {
			isa = PBXFrameworksBuildPhase;
			buildActionMask = 2147483647;
			files = (
			);
			runOnlyForDeploymentPostprocessing = 0;
		};
		3F510863295C867B0069F560 /* Frameworks */ = {
			isa = PBXFrameworksBuildPhase;
			buildActionMask = 2147483647;
			files = (
			);
			runOnlyForDeploymentPostprocessing = 0;
		};
/* End PBXFrameworksBuildPhase section */

/* Begin PBXGroup section */
		3F05A81F299EBC6600CBD42D /* Model */ = {
			isa = PBXGroup;
			children = (
				3F05A820299EBC7F00CBD42D /* FoodItem.swift */,
			);
			path = Model;
			sourceTree = "<group>";
		};
		3F05A826299EC76700CBD42D /* Service */ = {
			isa = PBXGroup;
			children = (
				3F05A824299EC75C00CBD42D /* DiaryService.swift */,
			);
			path = Service;
			sourceTree = "<group>";
		};
		3F05A827299EC7CA00CBD42D /* Date */ = {
			isa = PBXGroup;
			children = (
				3F05A828299EC7D900CBD42D /* DateExtension.swift */,
			);
			path = Date;
			sourceTree = "<group>";
		};
		3F510843295C86790069F560 = {
			isa = PBXGroup;
			children = (
				3F51084E295C86790069F560 /* JimBuddy */,
				3F51085F295C867B0069F560 /* JimBuddyTests */,
				3F510869295C867B0069F560 /* JimBuddyUITests */,
				3F51084D295C86790069F560 /* Products */,
				F3274857296B719F00D197CB /* Frameworks */,
			);
			sourceTree = "<group>";
		};
		3F51084D295C86790069F560 /* Products */ = {
			isa = PBXGroup;
			children = (
				3F51084C295C86790069F560 /* JimBuddy.app */,
				3F51085C295C867B0069F560 /* JimBuddyTests.xctest */,
				3F510866295C867B0069F560 /* JimBuddyUITests.xctest */,
			);
			name = Products;
			sourceTree = "<group>";
		};
		3F51084E295C86790069F560 /* JimBuddy */ = {
			isa = PBXGroup;
			children = (
				3F722C2E29A145AA00EE6E22 /* Health */,
				3F722C2C29A1432C00EE6E22 /* JimBuddy.entitlements */,
				F3A7F0742977EAF20091FE2E /* Calendar */,
				F3A7F0702977E96C0091FE2E /* Diary */,
				3FD7D33729B14B5900D237E8 /* EditProfile */,
				F3A7F06C2977E1710091FE2E /* Profile */,
				F303A14829744DD7002E4B0C /* Session */,
				F303A1392972B871002E4B0C /* Home */,
				F303A12A2971B65A002E4B0C /* Utils */,
				F36E01EA296DB2B5000851EE /* Base */,
				F303A12D2971BE9B002E4B0C /* Registration */,
				F36E01E6296DB173000851EE /* Login */,
				F3274855296B6F2200D197CB /* GoogleService-Info.plist */,
				3F51084F295C86790069F560 /* JimBuddyApp.swift */,
				3F510853295C867B0069F560 /* Assets.xcassets */,
				3F510855295C867B0069F560 /* Preview Content */,
			);
			path = JimBuddy;
			sourceTree = "<group>";
		};
		3F510855295C867B0069F560 /* Preview Content */ = {
			isa = PBXGroup;
			children = (
				3F510856295C867B0069F560 /* Preview Assets.xcassets */,
			);
			path = "Preview Content";
			sourceTree = "<group>";
		};
		3F51085F295C867B0069F560 /* JimBuddyTests */ = {
			isa = PBXGroup;
			children = (
				3F510860295C867B0069F560 /* JimBuddyTests.swift */,
			);
			path = JimBuddyTests;
			sourceTree = "<group>";
		};
		3F510869295C867B0069F560 /* JimBuddyUITests */ = {
			isa = PBXGroup;
			children = (
				3F51086A295C867B0069F560 /* JimBuddyUITests.swift */,
				3F51086C295C867B0069F560 /* JimBuddyUITestsLaunchTests.swift */,
			);
			path = JimBuddyUITests;
			sourceTree = "<group>";
		};
		3F722C2429A10B5F00EE6E22 /* Errors */ = {
			isa = PBXGroup;
			children = (
				3F722C2529A10B7100EE6E22 /* FirebaseErrors.swift */,
				3F722C5229A2B69800EE6E22 /* APIError.swift */,
			);
			path = Errors;
			sourceTree = "<group>";
		};
		3F722C2729A118DE00EE6E22 /* ViewModel */ = {
			isa = PBXGroup;
			children = (
				3F722C2829A118F200EE6E22 /* FoodItemViewModel.swift */,
			);
			path = ViewModel;
			sourceTree = "<group>";
		};
		3F722C2E29A145AA00EE6E22 /* Health */ = {
			isa = PBXGroup;
			children = (
				3F722C3429A146DA00EE6E22 /* Service */,
			);
			path = Health;
			sourceTree = "<group>";
		};
		3F722C3429A146DA00EE6E22 /* Service */ = {
			isa = PBXGroup;
			children = (
				3F722C3529A146E900EE6E22 /* HealthKitService.swift */,
			);
			path = Service;
			sourceTree = "<group>";
		};
		3F722C4229A24CDB00EE6E22 /* Model */ = {
			isa = PBXGroup;
			children = (
				3F722C4029A24CD600EE6E22 /* StatType.swift */,
				3F722C4B29A2A8CA00EE6E22 /* Gender.swift */,
				3FD7D33B29B157B800D237E8 /* Goal.swift */,
			);
			path = Model;
			sourceTree = "<group>";
		};
		3F722C4529A28E9400EE6E22 /* Service */ = {
			isa = PBXGroup;
			children = (
				3F722C4629A28EC100EE6E22 /* PersonalDataService.swift */,
				3F722C4D29A2B52000EE6E22 /* GravatarImageService.swift */,
			);
			path = Service;
			sourceTree = "<group>";
		};
		3F722C4829A2A7D900EE6E22 /* ViewModel */ = {
			isa = PBXGroup;
			children = (
				3F722C4929A2A7F300EE6E22 /* PersonalDataViewModel.swift */,
			);
			path = ViewModel;
			sourceTree = "<group>";
		};
		3F722C4F29A2B64D00EE6E22 /* String */ = {
			isa = PBXGroup;
			children = (
				3F722C5029A2B65E00EE6E22 /* StringExtension.swift */,
			);
			path = String;
			sourceTree = "<group>";
		};
		3FA8E45F29916E5700423551 /* Constants */ = {
			isa = PBXGroup;
			children = (
				3FA8E46029916F0E00423551 /* Colors.swift */,
				3F722C2029A109DB00EE6E22 /* ConsumptionTime.swift */,
				3F722C2229A10A2E00EE6E22 /* MeasuringUnits.swift */,
			);
			path = Constants;
			sourceTree = "<group>";
		};
		3FD7D33729B14B5900D237E8 /* EditProfile */ = {
			isa = PBXGroup;
			children = (
				3FD7D33829B14B7400D237E8 /* View */,
			);
			path = EditProfile;
			sourceTree = "<group>";
		};
		3FD7D33829B14B7400D237E8 /* View */ = {
			isa = PBXGroup;
			children = (
				3FD7D33929B14B8A00D237E8 /* EditProfileView.swift */,
			);
			path = View;
			sourceTree = "<group>";
		};
		F303A12A2971B65A002E4B0C /* Utils */ = {
			isa = PBXGroup;
			children = (
				3F722C4F29A2B64D00EE6E22 /* String */,
				3F722C2429A10B5F00EE6E22 /* Errors */,
				3F05A827299EC7CA00CBD42D /* Date */,
				3FA8E45F29916E5700423551 /* Constants */,
				F303A12B2971B744002E4B0C /* ColorHexExtenstion.swift */,
				F303A1372972B438002E4B0C /* CloseModifier.swift */,
			);
			path = Utils;
			sourceTree = "<group>";
		};
		F303A12D2971BE9B002E4B0C /* Registration */ = {
			isa = PBXGroup;
			children = (
				F303A1452974474E002E4B0C /* ViewModel */,
				F303A1402972B9DE002E4B0C /* Service */,
				F303A13D2972B947002E4B0C /* Model */,
				F303A12E2971BEA3002E4B0C /* View */,
			);
			path = Registration;
			sourceTree = "<group>";
		};
		F303A12E2971BEA3002E4B0C /* View */ = {
			isa = PBXGroup;
			children = (
				F303A12F2971BECA002E4B0C /* RegisterView.swift */,
			);
			path = View;
			sourceTree = "<group>";
		};
		F303A1392972B871002E4B0C /* Home */ = {
			isa = PBXGroup;
			children = (
				F303A13A2972B87B002E4B0C /* View */,
			);
			path = Home;
			sourceTree = "<group>";
		};
		F303A13A2972B87B002E4B0C /* View */ = {
			isa = PBXGroup;
			children = (
				F303A13B2972B898002E4B0C /* HomePageView.swift */,
			);
			path = View;
			sourceTree = "<group>";
		};
		F303A13D2972B947002E4B0C /* Model */ = {
			isa = PBXGroup;
			children = (
				F303A13E2972B992002E4B0C /* RegistrationDetails.swift */,
			);
			path = Model;
			sourceTree = "<group>";
		};
		F303A1402972B9DE002E4B0C /* Service */ = {
			isa = PBXGroup;
			children = (
				F303A1412972BAA0002E4B0C /* RegistrationService.swift */,
			);
			path = Service;
			sourceTree = "<group>";
		};
		F303A1452974474E002E4B0C /* ViewModel */ = {
			isa = PBXGroup;
			children = (
				F303A1462974478E002E4B0C /* RegistrationViewModel.swift */,
			);
			path = ViewModel;
			sourceTree = "<group>";
		};
		F303A14829744DD7002E4B0C /* Session */ = {
			isa = PBXGroup;
			children = (
				F303A14C29744F5F002E4B0C /* Service */,
				F303A14929744DE6002E4B0C /* Model */,
			);
			path = Session;
			sourceTree = "<group>";
		};
		F303A14929744DE6002E4B0C /* Model */ = {
			isa = PBXGroup;
			children = (
				F303A14A29744E0B002E4B0C /* SessionUserDetails.swift */,
			);
			path = Model;
			sourceTree = "<group>";
		};
		F303A14C29744F5F002E4B0C /* Service */ = {
			isa = PBXGroup;
			children = (
				F303A14D29744FF8002E4B0C /* SessionService.swift */,
			);
			path = Service;
			sourceTree = "<group>";
		};
		F3274857296B719F00D197CB /* Frameworks */ = {
			isa = PBXGroup;
			children = (
				3F436A6A29A55238005DE94D /* Selectable-Calendar-View */,
			);
			name = Frameworks;
			sourceTree = "<group>";
		};
		F36E01E6296DB173000851EE /* Login */ = {
			isa = PBXGroup;
			children = (
				F3A7F06929768CBC0091FE2E /* ViewModel */,
				F3A7F06629768ADD0091FE2E /* Service */,
				F3A7F06329768A990091FE2E /* Model */,
				F36E01E7296DB17B000851EE /* View */,
			);
			path = Login;
			sourceTree = "<group>";
		};
		F36E01E7296DB17B000851EE /* View */ = {
			isa = PBXGroup;
			children = (
				F36E01E8296DB192000851EE /* LoginView.swift */,
				F303A1332971D4F5002E4B0C /* LoginModel.swift */,
			);
			path = View;
			sourceTree = "<group>";
		};
		F36E01EA296DB2B5000851EE /* Base */ = {
			isa = PBXGroup;
			children = (
				F36E01EB296DB2BE000851EE /* Views */,
			);
			path = Base;
			sourceTree = "<group>";
		};
		F36E01EB296DB2BE000851EE /* Views */ = {
			isa = PBXGroup;
			children = (
				F36E01EC296DB2DF000851EE /* InputTextFieldView.swift */,
				F36E01EE296DBF77000851EE /* InputPasswordView.swift */,
				F36E01F0296DC250000851EE /* ButtonView.swift */,
			);
			path = Views;
			sourceTree = "<group>";
		};
		F3A7F06329768A990091FE2E /* Model */ = {
			isa = PBXGroup;
			children = (
				F3A7F06429768AB20091FE2E /* LoginCredentials.swift */,
			);
			path = Model;
			sourceTree = "<group>";
		};
		F3A7F06629768ADD0091FE2E /* Service */ = {
			isa = PBXGroup;
			children = (
				F3A7F06729768AEB0091FE2E /* LoginService.swift */,
			);
			path = Service;
			sourceTree = "<group>";
		};
		F3A7F06929768CBC0091FE2E /* ViewModel */ = {
			isa = PBXGroup;
			children = (
				F3A7F06A29768CDB0091FE2E /* LoginViewModel.swift */,
			);
			path = ViewModel;
			sourceTree = "<group>";
		};
		F3A7F06C2977E1710091FE2E /* Profile */ = {
			isa = PBXGroup;
			children = (
				3F722C4829A2A7D900EE6E22 /* ViewModel */,
				3F722C4529A28E9400EE6E22 /* Service */,
				3F722C4229A24CDB00EE6E22 /* Model */,
				F3A7F06D2977E8F50091FE2E /* View */,
			);
			path = Profile;
			sourceTree = "<group>";
		};
		F3A7F06D2977E8F50091FE2E /* View */ = {
			isa = PBXGroup;
			children = (
				F3A7F06E2977E9310091FE2E /* ProfileView.swift */,
				3F722C3C29A2183D00EE6E22 /* ProfileStatView.swift */,
				3F722C3E29A222C700EE6E22 /* ProfileDetailsView.swift */,
				3F722C4329A2576D00EE6E22 /* GravatarInfoSheet.swift */,
			);
			path = View;
			sourceTree = "<group>";
		};
		F3A7F0702977E96C0091FE2E /* Diary */ = {
			isa = PBXGroup;
			children = (
				3F722C2729A118DE00EE6E22 /* ViewModel */,
				3F05A826299EC76700CBD42D /* Service */,
				3F05A81F299EBC6600CBD42D /* Model */,
				F3A7F0712977E9750091FE2E /* View */,
			);
			path = Diary;
			sourceTree = "<group>";
		};
		F3A7F0712977E9750091FE2E /* View */ = {
			isa = PBXGroup;
			children = (
				F3A7F0722977E9A10091FE2E /* DiaryView.swift */,
				3FEEA8D02999691300A355F9 /* FoodEntryView.swift */,
				3F2AAAD5299AC60A00BFEEB3 /* CalorieProgressView.swift */,
				3F722C2A29A129D300EE6E22 /* AddFoodView.swift */,
			);
			path = View;
			sourceTree = "<group>";
		};
		F3A7F0742977EAF20091FE2E /* Calendar */ = {
			isa = PBXGroup;
			children = (
				F3A7F0752977EAF90091FE2E /* View */,
			);
			path = Calendar;
			sourceTree = "<group>";
		};
		F3A7F0752977EAF90091FE2E /* View */ = {
			isa = PBXGroup;
			children = (
				F3A7F0762977EB0B0091FE2E /* CalendarView.swift */,
				3F436A6B29A55856005DE94D /* AddFriendForm.swift */,
				3F436A6D29A55B14005DE94D /* FriendCalendarView.swift */,
				3F436A6F29A563BD005DE94D /* CalendarInfoSheet.swift */,
			);
			path = View;
			sourceTree = "<group>";
		};
/* End PBXGroup section */

/* Begin PBXNativeTarget section */
		3F51084B295C86790069F560 /* JimBuddy */ = {
			isa = PBXNativeTarget;
			buildConfigurationList = 3F510870295C867B0069F560 /* Build configuration list for PBXNativeTarget "JimBuddy" */;
			buildPhases = (
				3F510848295C86790069F560 /* Sources */,
				3F510849295C86790069F560 /* Frameworks */,
				3F51084A295C86790069F560 /* Resources */,
				F327485A296B71F200D197CB /* Crashlytics Run Script */,
			);
			buildRules = (
			);
			dependencies = (
			);
			name = JimBuddy;
			packageProductDependencies = (
				F327484B296B6C3F00D197CB /* FirebaseAuth */,
				F327484D296B6C3F00D197CB /* FirebaseAuthCombine-Community */,
				F327484F296B6C3F00D197CB /* FirebaseFirestore */,
				F3274851296B6C3F00D197CB /* FirebaseFirestoreCombine-Community */,
				F3274853296B6C3F00D197CB /* FirebaseFirestoreSwift */,
				F3274858296B719F00D197CB /* FirebaseCrashlytics */,
				F303A14329743F75002E4B0C /* FirebaseDatabase */,
				3F436A6829A54D36005DE94D /* SelectableCalendarView */,
			);
			productName = JimBuddy;
			productReference = 3F51084C295C86790069F560 /* JimBuddy.app */;
			productType = "com.apple.product-type.application";
		};
		3F51085B295C867B0069F560 /* JimBuddyTests */ = {
			isa = PBXNativeTarget;
			buildConfigurationList = 3F510873295C867B0069F560 /* Build configuration list for PBXNativeTarget "JimBuddyTests" */;
			buildPhases = (
				3F510858295C867B0069F560 /* Sources */,
				3F510859295C867B0069F560 /* Frameworks */,
				3F51085A295C867B0069F560 /* Resources */,
			);
			buildRules = (
			);
			dependencies = (
				3F51085E295C867B0069F560 /* PBXTargetDependency */,
			);
			name = JimBuddyTests;
			productName = JimBuddyTests;
			productReference = 3F51085C295C867B0069F560 /* JimBuddyTests.xctest */;
			productType = "com.apple.product-type.bundle.unit-test";
		};
		3F510865295C867B0069F560 /* JimBuddyUITests */ = {
			isa = PBXNativeTarget;
			buildConfigurationList = 3F510876295C867B0069F560 /* Build configuration list for PBXNativeTarget "JimBuddyUITests" */;
			buildPhases = (
				3F510862295C867B0069F560 /* Sources */,
				3F510863295C867B0069F560 /* Frameworks */,
				3F510864295C867B0069F560 /* Resources */,
			);
			buildRules = (
			);
			dependencies = (
				3F510868295C867B0069F560 /* PBXTargetDependency */,
			);
			name = JimBuddyUITests;
			productName = JimBuddyUITests;
			productReference = 3F510866295C867B0069F560 /* JimBuddyUITests.xctest */;
			productType = "com.apple.product-type.bundle.ui-testing";
		};
/* End PBXNativeTarget section */

/* Begin PBXProject section */
		3F510844295C86790069F560 /* Project object */ = {
			isa = PBXProject;
			attributes = {
				BuildIndependentTargetsInParallel = 1;
				LastSwiftUpdateCheck = 1340;
				LastUpgradeCheck = 1340;
				TargetAttributes = {
					3F51084B295C86790069F560 = {
						CreatedOnToolsVersion = 13.4.1;
					};
					3F51085B295C867B0069F560 = {
						CreatedOnToolsVersion = 13.4.1;
						TestTargetID = 3F51084B295C86790069F560;
					};
					3F510865295C867B0069F560 = {
						CreatedOnToolsVersion = 13.4.1;
						TestTargetID = 3F51084B295C86790069F560;
					};
				};
			};
			buildConfigurationList = 3F510847295C86790069F560 /* Build configuration list for PBXProject "JimBuddy" */;
			compatibilityVersion = "Xcode 13.0";
			developmentRegion = en;
			hasScannedForEncodings = 0;
			knownRegions = (
				en,
				Base,
			);
			mainGroup = 3F510843295C86790069F560;
			packageReferences = (
				F327484A296B6C3F00D197CB /* XCRemoteSwiftPackageReference "firebase-ios-sdk" */,
				3F436A6729A54D36005DE94D /* XCRemoteSwiftPackageReference "Selectable-Calendar-View" */,
			);
			productRefGroup = 3F51084D295C86790069F560 /* Products */;
			projectDirPath = "";
			projectRoot = "";
			targets = (
				3F51084B295C86790069F560 /* JimBuddy */,
				3F51085B295C867B0069F560 /* JimBuddyTests */,
				3F510865295C867B0069F560 /* JimBuddyUITests */,
			);
		};
/* End PBXProject section */

/* Begin PBXResourcesBuildPhase section */
		3F51084A295C86790069F560 /* Resources */ = {
			isa = PBXResourcesBuildPhase;
			buildActionMask = 2147483647;
			files = (
				3F510857295C867B0069F560 /* Preview Assets.xcassets in Resources */,
				3F510854295C867B0069F560 /* Assets.xcassets in Resources */,
				F3274856296B6F2200D197CB /* GoogleService-Info.plist in Resources */,
			);
			runOnlyForDeploymentPostprocessing = 0;
		};
		3F51085A295C867B0069F560 /* Resources */ = {
			isa = PBXResourcesBuildPhase;
			buildActionMask = 2147483647;
			files = (
			);
			runOnlyForDeploymentPostprocessing = 0;
		};
		3F510864295C867B0069F560 /* Resources */ = {
			isa = PBXResourcesBuildPhase;
			buildActionMask = 2147483647;
			files = (
			);
			runOnlyForDeploymentPostprocessing = 0;
		};
/* End PBXResourcesBuildPhase section */

/* Begin PBXShellScriptBuildPhase section */
		F327485A296B71F200D197CB /* Crashlytics Run Script */ = {
			isa = PBXShellScriptBuildPhase;
			buildActionMask = 2147483647;
			files = (
			);
			inputFileListPaths = (
			);
			inputPaths = (
				"${DWARF_DSYM_FOLDER_PATH}/${DWARF_DSYM_FILE_NAME}/Contents/Resources/DWARF/${TARGET_NAME}",
				"$(SRCROOT)/$(BUILT_PRODUCTS_DIR)/$(INFOPLIST_PATH)",
			);
			name = "Crashlytics Run Script";
			outputFileListPaths = (
			);
			outputPaths = (
			);
			runOnlyForDeploymentPostprocessing = 0;
			shellPath = /bin/sh;
			shellScript = "# Type a script or drag a script file from your workspace to insert its path.\n\"${BUILD_DIR%/Build/*}/SourcePackages/checkouts/firebase-ios-sdk/Crashlytics/run\"\n";
		};
/* End PBXShellScriptBuildPhase section */

/* Begin PBXSourcesBuildPhase section */
		3F510848295C86790069F560 /* Sources */ = {
			isa = PBXSourcesBuildPhase;
			buildActionMask = 2147483647;
			files = (
				F3A7F06829768AEB0091FE2E /* LoginService.swift in Sources */,
				3FA8E46129916F0E00423551 /* Colors.swift in Sources */,
				3F722C4729A28EC100EE6E22 /* PersonalDataService.swift in Sources */,
				F36E01EF296DBF77000851EE /* InputPasswordView.swift in Sources */,
				3F722C4129A24CD600EE6E22 /* StatType.swift in Sources */,
				3F722C4C29A2A8CA00EE6E22 /* Gender.swift in Sources */,
				F36E01E9296DB192000851EE /* LoginView.swift in Sources */,
				3F722C5329A2B69800EE6E22 /* APIError.swift in Sources */,
				3F722C2929A118F200EE6E22 /* FoodItemViewModel.swift in Sources */,
				F303A1382972B438002E4B0C /* CloseModifier.swift in Sources */,
				3F722C4E29A2B52000EE6E22 /* GravatarImageService.swift in Sources */,
				3F722C3629A146E900EE6E22 /* HealthKitService.swift in Sources */,
				F303A12C2971B744002E4B0C /* ColorHexExtenstion.swift in Sources */,
				3F722C2129A109DB00EE6E22 /* ConsumptionTime.swift in Sources */,
				3FEEA8D12999691300A355F9 /* FoodEntryView.swift in Sources */,
				F303A1422972BAA0002E4B0C /* RegistrationService.swift in Sources */,
				3F722C2629A10B7100EE6E22 /* FirebaseErrors.swift in Sources */,
				3F436A7029A563BD005DE94D /* CalendarInfoSheet.swift in Sources */,
				F303A13C2972B898002E4B0C /* HomePageView.swift in Sources */,
				3F722C2329A10A2E00EE6E22 /* MeasuringUnits.swift in Sources */,
				F303A14E29744FF8002E4B0C /* SessionService.swift in Sources */,
				3F722C5129A2B65E00EE6E22 /* StringExtension.swift in Sources */,
				F3A7F0772977EB0B0091FE2E /* CalendarView.swift in Sources */,
				3F436A6E29A55B14005DE94D /* FriendCalendarView.swift in Sources */,
				F3A7F06B29768CDB0091FE2E /* LoginViewModel.swift in Sources */,
				F303A1302971BECA002E4B0C /* RegisterView.swift in Sources */,
				F3A7F0732977E9A10091FE2E /* DiaryView.swift in Sources */,
				3F722C3D29A2183D00EE6E22 /* ProfileStatView.swift in Sources */,
				3F05A829299EC7D900CBD42D /* DateExtension.swift in Sources */,
				F3A7F06529768AB20091FE2E /* LoginCredentials.swift in Sources */,
				F36E01F1296DC250000851EE /* ButtonView.swift in Sources */,
				3F722C3F29A222C700EE6E22 /* ProfileDetailsView.swift in Sources */,
				3F722C4A29A2A7F300EE6E22 /* PersonalDataViewModel.swift in Sources */,
				3F2AAAD6299AC60A00BFEEB3 /* CalorieProgressView.swift in Sources */,
				3F05A825299EC75C00CBD42D /* DiaryService.swift in Sources */,
				3F436A6C29A55856005DE94D /* AddFriendForm.swift in Sources */,
				F303A1342971D4F6002E4B0C /* LoginModel.swift in Sources */,
				3F722C4429A2576D00EE6E22 /* GravatarInfoSheet.swift in Sources */,
				3FD7D33A29B14B8A00D237E8 /* EditProfileView.swift in Sources */,
				F303A1472974478E002E4B0C /* RegistrationViewModel.swift in Sources */,
				F303A13F2972B992002E4B0C /* RegistrationDetails.swift in Sources */,
				3F510850295C86790069F560 /* JimBuddyApp.swift in Sources */,
				3F05A821299EBC7F00CBD42D /* FoodItem.swift in Sources */,
				F3A7F06F2977E9310091FE2E /* ProfileView.swift in Sources */,
				F303A14B29744E0B002E4B0C /* SessionUserDetails.swift in Sources */,
				F36E01ED296DB2DF000851EE /* InputTextFieldView.swift in Sources */,
				3FD7D33C29B157B800D237E8 /* Goal.swift in Sources */,
				3F722C2B29A129D300EE6E22 /* AddFoodView.swift in Sources */,
			);
			runOnlyForDeploymentPostprocessing = 0;
		};
		3F510858295C867B0069F560 /* Sources */ = {
			isa = PBXSourcesBuildPhase;
			buildActionMask = 2147483647;
			files = (
				3F510861295C867B0069F560 /* JimBuddyTests.swift in Sources */,
			);
			runOnlyForDeploymentPostprocessing = 0;
		};
		3F510862295C867B0069F560 /* Sources */ = {
			isa = PBXSourcesBuildPhase;
			buildActionMask = 2147483647;
			files = (
				3F51086D295C867B0069F560 /* JimBuddyUITestsLaunchTests.swift in Sources */,
				3F51086B295C867B0069F560 /* JimBuddyUITests.swift in Sources */,
			);
			runOnlyForDeploymentPostprocessing = 0;
		};
/* End PBXSourcesBuildPhase section */

/* Begin PBXTargetDependency section */
		3F51085E295C867B0069F560 /* PBXTargetDependency */ = {
			isa = PBXTargetDependency;
			target = 3F51084B295C86790069F560 /* JimBuddy */;
			targetProxy = 3F51085D295C867B0069F560 /* PBXContainerItemProxy */;
		};
		3F510868295C867B0069F560 /* PBXTargetDependency */ = {
			isa = PBXTargetDependency;
			target = 3F51084B295C86790069F560 /* JimBuddy */;
			targetProxy = 3F510867295C867B0069F560 /* PBXContainerItemProxy */;
		};
/* End PBXTargetDependency section */

/* Begin XCBuildConfiguration section */
		3F51086E295C867B0069F560 /* Debug */ = {
			isa = XCBuildConfiguration;
			buildSettings = {
				ALWAYS_SEARCH_USER_PATHS = NO;
				CLANG_ANALYZER_NONNULL = YES;
				CLANG_ANALYZER_NUMBER_OBJECT_CONVERSION = YES_AGGRESSIVE;
				CLANG_CXX_LANGUAGE_STANDARD = "gnu++17";
				CLANG_ENABLE_MODULES = YES;
				CLANG_ENABLE_OBJC_ARC = YES;
				CLANG_ENABLE_OBJC_WEAK = YES;
				CLANG_WARN_BLOCK_CAPTURE_AUTORELEASING = YES;
				CLANG_WARN_BOOL_CONVERSION = YES;
				CLANG_WARN_COMMA = YES;
				CLANG_WARN_CONSTANT_CONVERSION = YES;
				CLANG_WARN_DEPRECATED_OBJC_IMPLEMENTATIONS = YES;
				CLANG_WARN_DIRECT_OBJC_ISA_USAGE = YES_ERROR;
				CLANG_WARN_DOCUMENTATION_COMMENTS = YES;
				CLANG_WARN_EMPTY_BODY = YES;
				CLANG_WARN_ENUM_CONVERSION = YES;
				CLANG_WARN_INFINITE_RECURSION = YES;
				CLANG_WARN_INT_CONVERSION = YES;
				CLANG_WARN_NON_LITERAL_NULL_CONVERSION = YES;
				CLANG_WARN_OBJC_IMPLICIT_RETAIN_SELF = YES;
				CLANG_WARN_OBJC_LITERAL_CONVERSION = YES;
				CLANG_WARN_OBJC_ROOT_CLASS = YES_ERROR;
				CLANG_WARN_QUOTED_INCLUDE_IN_FRAMEWORK_HEADER = YES;
				CLANG_WARN_RANGE_LOOP_ANALYSIS = YES;
				CLANG_WARN_STRICT_PROTOTYPES = YES;
				CLANG_WARN_SUSPICIOUS_MOVE = YES;
				CLANG_WARN_UNGUARDED_AVAILABILITY = YES_AGGRESSIVE;
				CLANG_WARN_UNREACHABLE_CODE = YES;
				CLANG_WARN__DUPLICATE_METHOD_MATCH = YES;
				COPY_PHASE_STRIP = NO;
				DEBUG_INFORMATION_FORMAT = "dwarf-with-dsym";
				ENABLE_STRICT_OBJC_MSGSEND = YES;
				ENABLE_TESTABILITY = YES;
				GCC_C_LANGUAGE_STANDARD = gnu11;
				GCC_DYNAMIC_NO_PIC = NO;
				GCC_NO_COMMON_BLOCKS = YES;
				GCC_OPTIMIZATION_LEVEL = 0;
				GCC_PREPROCESSOR_DEFINITIONS = (
					"DEBUG=1",
					"$(inherited)",
				);
				GCC_WARN_64_TO_32_BIT_CONVERSION = YES;
				GCC_WARN_ABOUT_RETURN_TYPE = YES_ERROR;
				GCC_WARN_UNDECLARED_SELECTOR = YES;
				GCC_WARN_UNINITIALIZED_AUTOS = YES_AGGRESSIVE;
				GCC_WARN_UNUSED_FUNCTION = YES;
				GCC_WARN_UNUSED_VARIABLE = YES;
				IPHONEOS_DEPLOYMENT_TARGET = 15.5;
				MTL_ENABLE_DEBUG_INFO = INCLUDE_SOURCE;
				MTL_FAST_MATH = YES;
				ONLY_ACTIVE_ARCH = YES;
				SDKROOT = iphoneos;
				SWIFT_ACTIVE_COMPILATION_CONDITIONS = DEBUG;
				SWIFT_OPTIMIZATION_LEVEL = "-Onone";
			};
			name = Debug;
		};
		3F51086F295C867B0069F560 /* Release */ = {
			isa = XCBuildConfiguration;
			buildSettings = {
				ALWAYS_SEARCH_USER_PATHS = NO;
				CLANG_ANALYZER_NONNULL = YES;
				CLANG_ANALYZER_NUMBER_OBJECT_CONVERSION = YES_AGGRESSIVE;
				CLANG_CXX_LANGUAGE_STANDARD = "gnu++17";
				CLANG_ENABLE_MODULES = YES;
				CLANG_ENABLE_OBJC_ARC = YES;
				CLANG_ENABLE_OBJC_WEAK = YES;
				CLANG_WARN_BLOCK_CAPTURE_AUTORELEASING = YES;
				CLANG_WARN_BOOL_CONVERSION = YES;
				CLANG_WARN_COMMA = YES;
				CLANG_WARN_CONSTANT_CONVERSION = YES;
				CLANG_WARN_DEPRECATED_OBJC_IMPLEMENTATIONS = YES;
				CLANG_WARN_DIRECT_OBJC_ISA_USAGE = YES_ERROR;
				CLANG_WARN_DOCUMENTATION_COMMENTS = YES;
				CLANG_WARN_EMPTY_BODY = YES;
				CLANG_WARN_ENUM_CONVERSION = YES;
				CLANG_WARN_INFINITE_RECURSION = YES;
				CLANG_WARN_INT_CONVERSION = YES;
				CLANG_WARN_NON_LITERAL_NULL_CONVERSION = YES;
				CLANG_WARN_OBJC_IMPLICIT_RETAIN_SELF = YES;
				CLANG_WARN_OBJC_LITERAL_CONVERSION = YES;
				CLANG_WARN_OBJC_ROOT_CLASS = YES_ERROR;
				CLANG_WARN_QUOTED_INCLUDE_IN_FRAMEWORK_HEADER = YES;
				CLANG_WARN_RANGE_LOOP_ANALYSIS = YES;
				CLANG_WARN_STRICT_PROTOTYPES = YES;
				CLANG_WARN_SUSPICIOUS_MOVE = YES;
				CLANG_WARN_UNGUARDED_AVAILABILITY = YES_AGGRESSIVE;
				CLANG_WARN_UNREACHABLE_CODE = YES;
				CLANG_WARN__DUPLICATE_METHOD_MATCH = YES;
				COPY_PHASE_STRIP = NO;
				DEBUG_INFORMATION_FORMAT = "dwarf-with-dsym";
				ENABLE_NS_ASSERTIONS = NO;
				ENABLE_STRICT_OBJC_MSGSEND = YES;
				GCC_C_LANGUAGE_STANDARD = gnu11;
				GCC_NO_COMMON_BLOCKS = YES;
				GCC_WARN_64_TO_32_BIT_CONVERSION = YES;
				GCC_WARN_ABOUT_RETURN_TYPE = YES_ERROR;
				GCC_WARN_UNDECLARED_SELECTOR = YES;
				GCC_WARN_UNINITIALIZED_AUTOS = YES_AGGRESSIVE;
				GCC_WARN_UNUSED_FUNCTION = YES;
				GCC_WARN_UNUSED_VARIABLE = YES;
				IPHONEOS_DEPLOYMENT_TARGET = 15.5;
				MTL_ENABLE_DEBUG_INFO = NO;
				MTL_FAST_MATH = YES;
				SDKROOT = iphoneos;
				SWIFT_COMPILATION_MODE = wholemodule;
				SWIFT_OPTIMIZATION_LEVEL = "-O";
				VALIDATE_PRODUCT = YES;
			};
			name = Release;
		};
		3F510871295C867B0069F560 /* Debug */ = {
			isa = XCBuildConfiguration;
			buildSettings = {
				ASSETCATALOG_COMPILER_APPICON_NAME = AppIcon;
				ASSETCATALOG_COMPILER_GLOBAL_ACCENT_COLOR_NAME = AccentColor;
				CODE_SIGN_ENTITLEMENTS = JimBuddy/JimBuddy.entitlements;
				CODE_SIGN_STYLE = Automatic;
				CURRENT_PROJECT_VERSION = 1;
				DEBUG_INFORMATION_FORMAT = "dwarf-with-dsym";
				DEVELOPMENT_ASSET_PATHS = "\"JimBuddy/Preview Content\"";
				ENABLE_PREVIEWS = YES;
				GENERATE_INFOPLIST_FILE = YES;
				INFOPLIST_KEY_NSHealthShareUsageDescription = "Need access to share health stats";
				INFOPLIST_KEY_UIApplicationSceneManifest_Generation = YES;
				INFOPLIST_KEY_UIApplicationSupportsIndirectInputEvents = YES;
				INFOPLIST_KEY_UILaunchScreen_Generation = YES;
				INFOPLIST_KEY_UISupportedInterfaceOrientations_iPad = "UIInterfaceOrientationPortrait UIInterfaceOrientationPortraitUpsideDown UIInterfaceOrientationLandscapeLeft UIInterfaceOrientationLandscapeRight";
				INFOPLIST_KEY_UISupportedInterfaceOrientations_iPhone = "UIInterfaceOrientationPortrait UIInterfaceOrientationLandscapeLeft UIInterfaceOrientationLandscapeRight";
				LD_RUNPATH_SEARCH_PATHS = (
					"$(inherited)",
					"@executable_path/Frameworks",
				);
				MARKETING_VERSION = 1.0;
				OTHER_LDFLAGS = "-ObjC";
				PRODUCT_BUNDLE_IDENTIFIER = com.72072.JimBuddy.JimBuddy;
				PRODUCT_NAME = "$(TARGET_NAME)";
				SWIFT_EMIT_LOC_STRINGS = YES;
				SWIFT_VERSION = 5.0;
				TARGETED_DEVICE_FAMILY = "1,2";
			};
			name = Debug;
		};
		3F510872295C867B0069F560 /* Release */ = {
			isa = XCBuildConfiguration;
			buildSettings = {
				ASSETCATALOG_COMPILER_APPICON_NAME = AppIcon;
				ASSETCATALOG_COMPILER_GLOBAL_ACCENT_COLOR_NAME = AccentColor;
				CODE_SIGN_ENTITLEMENTS = JimBuddy/JimBuddy.entitlements;
				CODE_SIGN_STYLE = Automatic;
				CURRENT_PROJECT_VERSION = 1;
				DEVELOPMENT_ASSET_PATHS = "\"JimBuddy/Preview Content\"";
				ENABLE_PREVIEWS = YES;
				GENERATE_INFOPLIST_FILE = YES;
				INFOPLIST_KEY_NSHealthShareUsageDescription = "Need access to share health stats";
				INFOPLIST_KEY_UIApplicationSceneManifest_Generation = YES;
				INFOPLIST_KEY_UIApplicationSupportsIndirectInputEvents = YES;
				INFOPLIST_KEY_UILaunchScreen_Generation = YES;
				INFOPLIST_KEY_UISupportedInterfaceOrientations_iPad = "UIInterfaceOrientationPortrait UIInterfaceOrientationPortraitUpsideDown UIInterfaceOrientationLandscapeLeft UIInterfaceOrientationLandscapeRight";
				INFOPLIST_KEY_UISupportedInterfaceOrientations_iPhone = "UIInterfaceOrientationPortrait UIInterfaceOrientationLandscapeLeft UIInterfaceOrientationLandscapeRight";
				LD_RUNPATH_SEARCH_PATHS = (
					"$(inherited)",
					"@executable_path/Frameworks",
				);
				MARKETING_VERSION = 1.0;
				OTHER_LDFLAGS = "-ObjC";
				PRODUCT_BUNDLE_IDENTIFIER = com.72072.JimBuddy.JimBuddy;
				PRODUCT_NAME = "$(TARGET_NAME)";
				SWIFT_EMIT_LOC_STRINGS = YES;
				SWIFT_VERSION = 5.0;
				TARGETED_DEVICE_FAMILY = "1,2";
			};
			name = Release;
		};
		3F510874295C867B0069F560 /* Debug */ = {
			isa = XCBuildConfiguration;
			buildSettings = {
				ALWAYS_EMBED_SWIFT_STANDARD_LIBRARIES = YES;
				BUNDLE_LOADER = "$(TEST_HOST)";
				CODE_SIGN_STYLE = Automatic;
				CURRENT_PROJECT_VERSION = 1;
				GENERATE_INFOPLIST_FILE = YES;
				IPHONEOS_DEPLOYMENT_TARGET = 15.5;
				MARKETING_VERSION = 1.0;
				PRODUCT_BUNDLE_IDENTIFIER = com.72072.JimBuddy.JimBuddyTests;
				PRODUCT_NAME = "$(TARGET_NAME)";
				SWIFT_EMIT_LOC_STRINGS = NO;
				SWIFT_VERSION = 5.0;
				TARGETED_DEVICE_FAMILY = "1,2";
				TEST_HOST = "$(BUILT_PRODUCTS_DIR)/JimBuddy.app/JimBuddy";
			};
			name = Debug;
		};
		3F510875295C867B0069F560 /* Release */ = {
			isa = XCBuildConfiguration;
			buildSettings = {
				ALWAYS_EMBED_SWIFT_STANDARD_LIBRARIES = YES;
				BUNDLE_LOADER = "$(TEST_HOST)";
				CODE_SIGN_STYLE = Automatic;
				CURRENT_PROJECT_VERSION = 1;
				GENERATE_INFOPLIST_FILE = YES;
				IPHONEOS_DEPLOYMENT_TARGET = 15.5;
				MARKETING_VERSION = 1.0;
				PRODUCT_BUNDLE_IDENTIFIER = com.72072.JimBuddy.JimBuddyTests;
				PRODUCT_NAME = "$(TARGET_NAME)";
				SWIFT_EMIT_LOC_STRINGS = NO;
				SWIFT_VERSION = 5.0;
				TARGETED_DEVICE_FAMILY = "1,2";
				TEST_HOST = "$(BUILT_PRODUCTS_DIR)/JimBuddy.app/JimBuddy";
			};
			name = Release;
		};
		3F510877295C867B0069F560 /* Debug */ = {
			isa = XCBuildConfiguration;
			buildSettings = {
				ALWAYS_EMBED_SWIFT_STANDARD_LIBRARIES = YES;
				CODE_SIGN_STYLE = Automatic;
				CURRENT_PROJECT_VERSION = 1;
				GENERATE_INFOPLIST_FILE = YES;
				MARKETING_VERSION = 1.0;
				PRODUCT_BUNDLE_IDENTIFIER = com.72072.JimBuddy.JimBuddyUITests;
				PRODUCT_NAME = "$(TARGET_NAME)";
				SWIFT_EMIT_LOC_STRINGS = NO;
				SWIFT_VERSION = 5.0;
				TARGETED_DEVICE_FAMILY = "1,2";
				TEST_TARGET_NAME = JimBuddy;
			};
			name = Debug;
		};
		3F510878295C867B0069F560 /* Release */ = {
			isa = XCBuildConfiguration;
			buildSettings = {
				ALWAYS_EMBED_SWIFT_STANDARD_LIBRARIES = YES;
				CODE_SIGN_STYLE = Automatic;
				CURRENT_PROJECT_VERSION = 1;
				GENERATE_INFOPLIST_FILE = YES;
				MARKETING_VERSION = 1.0;
				PRODUCT_BUNDLE_IDENTIFIER = com.72072.JimBuddy.JimBuddyUITests;
				PRODUCT_NAME = "$(TARGET_NAME)";
				SWIFT_EMIT_LOC_STRINGS = NO;
				SWIFT_VERSION = 5.0;
				TARGETED_DEVICE_FAMILY = "1,2";
				TEST_TARGET_NAME = JimBuddy;
			};
			name = Release;
		};
/* End XCBuildConfiguration section */

/* Begin XCConfigurationList section */
		3F510847295C86790069F560 /* Build configuration list for PBXProject "JimBuddy" */ = {
			isa = XCConfigurationList;
			buildConfigurations = (
				3F51086E295C867B0069F560 /* Debug */,
				3F51086F295C867B0069F560 /* Release */,
			);
			defaultConfigurationIsVisible = 0;
			defaultConfigurationName = Release;
		};
		3F510870295C867B0069F560 /* Build configuration list for PBXNativeTarget "JimBuddy" */ = {
			isa = XCConfigurationList;
			buildConfigurations = (
				3F510871295C867B0069F560 /* Debug */,
				3F510872295C867B0069F560 /* Release */,
			);
			defaultConfigurationIsVisible = 0;
			defaultConfigurationName = Release;
		};
		3F510873295C867B0069F560 /* Build configuration list for PBXNativeTarget "JimBuddyTests" */ = {
			isa = XCConfigurationList;
			buildConfigurations = (
				3F510874295C867B0069F560 /* Debug */,
				3F510875295C867B0069F560 /* Release */,
			);
			defaultConfigurationIsVisible = 0;
			defaultConfigurationName = Release;
		};
		3F510876295C867B0069F560 /* Build configuration list for PBXNativeTarget "JimBuddyUITests" */ = {
			isa = XCConfigurationList;
			buildConfigurations = (
				3F510877295C867B0069F560 /* Debug */,
				3F510878295C867B0069F560 /* Release */,
			);
			defaultConfigurationIsVisible = 0;
			defaultConfigurationName = Release;
		};
/* End XCConfigurationList section */

/* Begin XCRemoteSwiftPackageReference section */
		3F436A6729A54D36005DE94D /* XCRemoteSwiftPackageReference "Selectable-Calendar-View" */ = {
			isa = XCRemoteSwiftPackageReference;
			repositoryURL = "https://github.com/mszpro/Selectable-Calendar-View";
			requirement = {
				branch = main;
				kind = branch;
			};
		};
		F327484A296B6C3F00D197CB /* XCRemoteSwiftPackageReference "firebase-ios-sdk" */ = {
			isa = XCRemoteSwiftPackageReference;
			repositoryURL = "https://github.com/firebase/firebase-ios-sdk.git";
			requirement = {
				kind = upToNextMajorVersion;
				minimumVersion = 9.0.0;
			};
		};
/* End XCRemoteSwiftPackageReference section */

/* Begin XCSwiftPackageProductDependency section */
		3F436A6829A54D36005DE94D /* SelectableCalendarView */ = {
			isa = XCSwiftPackageProductDependency;
			package = 3F436A6729A54D36005DE94D /* XCRemoteSwiftPackageReference "Selectable-Calendar-View" */;
			productName = SelectableCalendarView;
		};
		F303A14329743F75002E4B0C /* FirebaseDatabase */ = {
			isa = XCSwiftPackageProductDependency;
			package = F327484A296B6C3F00D197CB /* XCRemoteSwiftPackageReference "firebase-ios-sdk" */;
			productName = FirebaseDatabase;
		};
		F327484B296B6C3F00D197CB /* FirebaseAuth */ = {
			isa = XCSwiftPackageProductDependency;
			package = F327484A296B6C3F00D197CB /* XCRemoteSwiftPackageReference "firebase-ios-sdk" */;
			productName = FirebaseAuth;
		};
		F327484D296B6C3F00D197CB /* FirebaseAuthCombine-Community */ = {
			isa = XCSwiftPackageProductDependency;
			package = F327484A296B6C3F00D197CB /* XCRemoteSwiftPackageReference "firebase-ios-sdk" */;
			productName = "FirebaseAuthCombine-Community";
		};
		F327484F296B6C3F00D197CB /* FirebaseFirestore */ = {
			isa = XCSwiftPackageProductDependency;
			package = F327484A296B6C3F00D197CB /* XCRemoteSwiftPackageReference "firebase-ios-sdk" */;
			productName = FirebaseFirestore;
		};
		F3274851296B6C3F00D197CB /* FirebaseFirestoreCombine-Community */ = {
			isa = XCSwiftPackageProductDependency;
			package = F327484A296B6C3F00D197CB /* XCRemoteSwiftPackageReference "firebase-ios-sdk" */;
			productName = "FirebaseFirestoreCombine-Community";
		};
		F3274853296B6C3F00D197CB /* FirebaseFirestoreSwift */ = {
			isa = XCSwiftPackageProductDependency;
			package = F327484A296B6C3F00D197CB /* XCRemoteSwiftPackageReference "firebase-ios-sdk" */;
			productName = FirebaseFirestoreSwift;
		};
		F3274858296B719F00D197CB /* FirebaseCrashlytics */ = {
			isa = XCSwiftPackageProductDependency;
			package = F327484A296B6C3F00D197CB /* XCRemoteSwiftPackageReference "firebase-ios-sdk" */;
			productName = FirebaseCrashlytics;
		};
/* End XCSwiftPackageProductDependency section */
	};
	rootObject = 3F510844295C86790069F560 /* Project object */;
}
